gitee.com/ivfzhou/safe-queue v1.0.8-0.20260814164538-a6e1559f3b1f h1:YutXQp48GJD1DoppG/fdJQp68tfwnmHgC1WdCU2XVMs=
gitee.com/ivfzhou/safe-queue v1.0.8-0.20260814164538-a6e1559f3b1f/go.mod h1:H3exEBuO1DpP0tXAkgRcSE+qHUd0nPchtpqZ2ORfS5k=
golang.org/x/sys v0.47.0 h1:o7XGOvZQCADBQQ4Y7VNq2dRWQR7JmOUW8Kxx4ZsNgWs=
golang.org/x/sys v0.47.0/go.mod h1:4GL1E5IUh+htKOUEOaiffhrAeqysfVGipDYzABqnCmw=
