gitee.com/ivfzhou/safe-queue v1.0.5 h1:0NESmAxX6iEiSV8knbQOnUBelj3vMuKj4qQ0AEHdP7Q=
gitee.com/ivfzhou/safe-queue v1.0.5/go.mod h1:MYYXTVnzfXea+wMUVKyDMOVDnMIu8cIz5o6C+sdWJe8=
golang.org/x/sys v0.41.0 h1:Ivj+2Cp/ylzLiEU89QhWblYnOE9zerudt9Ftecq2C6k=
golang.org/x/sys v0.41.0/go.mod h1:OgkHotnGiDImocRcuBABYBEXf8A9a87e/uXjp9XT3ks=
